
Microsoft Visual Studio Solution File, Format Version 11.00
# Visual Studio 2010
Project("{FAE04EC0-301F-11D3-BF4B-00C04F79EFBC}") = "SaveMeLapse", "SaveMeLapse\SaveMeLapse.csproj", "{4511E4D3-D464-4038-AC40-1F5EB72ADFE8}"
EndProject
Global
	GlobalSection(SolutionConfigurationPlatforms) = preSolution
		Debug|x86 = Debug|x86
		Release|x86 = Release|x86
	EndGlobalSection
	GlobalSection(ProjectConfigurationPlatforms) = postSolution
		{4511E4D3-D464-4038-AC40-1F5EB72ADFE8}.Debug|x86.ActiveCfg = Debug|x86
		{4511E4D3-D464-4038-AC40-1F5EB72ADFE8}.Debug|x86.Build.0 = Debug|x86
		{4511E4D3-D464-4038-AC40-1F5EB72ADFE8}.Release|x86.ActiveCfg = Release|x86
		{4511E4D3-D464-4038-AC40-1F5EB72ADFE8}.Release|x86.Build.0 = Release|x86
	EndGlobalSection
	GlobalSection(SolutionProperties) = preSolution
		HideSolutionNode = FALSE
	EndGlobalSection
EndGlobal
